
Microsoft Visual Studio Solution File, Format Version 12.00
# Visual Studio Version 17
VisualStudioVersion = 17.4.33213.308
MinimumVisualStudioVersion = 10.0.40219.1
Project("{FAE04EC0-301F-11D3-BF4B-00C04F79EFBC}") = "FindTheMedian", "FindTheMedian\FindTheMedian.csproj", "{098932A9-F358-4D9F-A149-DDCED1AA8C5E}"
EndProject
Global
	GlobalSection(SolutionConfigurationPlatforms) = preSolution
		Debug|Any CPU = Debug|Any CPU
		Release|Any CPU = Release|Any CPU
	EndGlobalSection
	GlobalSection(ProjectConfigurationPlatforms) = postSolution
		{098932A9-F358-4D9F-A149-DDCED1AA8C5E}.Debug|Any CPU.ActiveCfg = Debug|Any CPU
		{098932A9-F358-4D9F-A149-DDCED1AA8C5E}.Debug|Any CPU.Build.0 = Debug|Any CPU
		{098932A9-F358-4D9F-A149-DDCED1AA8C5E}.Release|Any CPU.ActiveCfg = Release|Any CPU
		{098932A9-F358-4D9F-A149-DDCED1AA8C5E}.Release|Any CPU.Build.0 = Release|Any CPU
	EndGlobalSection
	GlobalSection(SolutionProperties) = preSolution
		HideSolutionNode = FALSE
	EndGlobalSection
	GlobalSection(ExtensibilityGlobals) = postSolution
		SolutionGuid = {37678F1F-EE14-41CD-B2D3-D36A6E4AF4B2}
	EndGlobalSection
EndGlobal
